
Microsoft Visual Studio Solution File, Format Version 12.00
# Visual Studio 15
VisualStudioVersion = 15.0.28307.1267
MinimumVisualStudioVersion = 10.0.40219.1
Project("{FAE04EC0-301F-11D3-BF4B-00C04F79EFBC}") = "Server_HanifFauzanAlbana_019", "Server_HanifFauzanAlbana_019\Server_HanifFauzanAlbana_019.csproj", "{CE6F1606-7C7D-4FBB-94E0-1919244ACCCD}"
EndProject
Project("{FAE04EC0-301F-11D3-BF4B-00C04F79EFBC}") = "Client_HanifFauzanAlbana_019", "Client_HanifFauzanAlbana_019\Client_HanifFauzanAlbana_019.csproj", "{56DAB002-B9A2-41A2-9E59-0E986E77EFCB}"
EndProject
Global
	GlobalSection(SolutionConfigurationPlatforms) = preSolution
		Debug|Any CPU = Debug|Any CPU
		Release|Any CPU = Release|Any CPU
	EndGlobalSection
	GlobalSection(ProjectConfigurationPlatforms) = postSolution
		{CE6F1606-7C7D-4FBB-94E0-1919244ACCCD}.Debug|Any CPU.ActiveCfg = Debug|Any CPU
		{CE6F1606-7C7D-4FBB-94E0-1919244ACCCD}.Debug|Any CPU.Build.0 = Debug|Any CPU
		{CE6F1606-7C7D-4FBB-94E0-1919244ACCCD}.Release|Any CPU.ActiveCfg = Release|Any CPU
		{CE6F1606-7C7D-4FBB-94E0-1919244ACCCD}.Release|Any CPU.Build.0 = Release|Any CPU
		{56DAB002-B9A2-41A2-9E59-0E986E77EFCB}.Debug|Any CPU.ActiveCfg = Debug|Any CPU
		{56DAB002-B9A2-41A2-9E59-0E986E77EFCB}.Debug|Any CPU.Build.0 = Debug|Any CPU
		{56DAB002-B9A2-41A2-9E59-0E986E77EFCB}.Release|Any CPU.ActiveCfg = Release|Any CPU
		{56DAB002-B9A2-41A2-9E59-0E986E77EFCB}.Release|Any CPU.Build.0 = Release|Any CPU
	EndGlobalSection
	GlobalSection(SolutionProperties) = preSolution
		HideSolutionNode = FALSE
	EndGlobalSection
	GlobalSection(ExtensibilityGlobals) = postSolution
		SolutionGuid = {1E2B5783-7825-4758-B527-38343AADD943}
	EndGlobalSection
EndGlobal
